
Microsoft Visual Studio Solution File, Format Version 12.00
# Visual Studio Version 16
VisualStudioVersion = 16.0.30907.101
MinimumVisualStudioVersion = 10.0.40219.1
Project("{FAE04EC0-301F-11D3-BF4B-00C04F79EFBC}") = "RoomLibrary", "RoomLibrary\RoomLibrary.csproj", "{757E6EA6-F996-45CC-8E8E-F82FFFBFCC6A}"
EndProject
Global
	GlobalSection(SolutionConfigurationPlatforms) = preSolution
		Debug|Any CPU = Debug|Any CPU
		Release|Any CPU = Release|Any CPU
	EndGlobalSection
	GlobalSection(ProjectConfigurationPlatforms) = postSolution
		{757E6EA6-F996-45CC-8E8E-F82FFFBFCC6A}.Debug|Any CPU.ActiveCfg = Debug|Any CPU
		{757E6EA6-F996-45CC-8E8E-F82FFFBFCC6A}.Debug|Any CPU.Build.0 = Debug|Any CPU
		{757E6EA6-F996-45CC-8E8E-F82FFFBFCC6A}.Release|Any CPU.ActiveCfg = Release|Any CPU
		{757E6EA6-F996-45CC-8E8E-F82FFFBFCC6A}.Release|Any CPU.Build.0 = Release|Any CPU
	EndGlobalSection
	GlobalSection(SolutionProperties) = preSolution
		HideSolutionNode = FALSE
	EndGlobalSection
	GlobalSection(ExtensibilityGlobals) = postSolution
		SolutionGuid = {259A21FE-6E0C-4107-8D0B-9D84E6A77ABC}
	EndGlobalSection
EndGlobal
